
Microsoft Visual Studio Solution File, Format Version 12.00
# Visual Studio 15
VisualStudioVersion = 15.0.28307.1145
MinimumVisualStudioVersion = 10.0.40219.1
Project("{FAE04EC0-301F-11D3-BF4B-00C04F79EFBC}") = "SakerhetProjektGrupp4", "SakerhetProjektGrupp4\SakerhetProjektGrupp4.csproj", "{D87DEF75-6D63-44F5-83C0-365478325A5A}"
EndProject
Global
	GlobalSection(SolutionConfigurationPlatforms) = preSolution
		Debug|Any CPU = Debug|Any CPU
		Release|Any CPU = Release|Any CPU
	EndGlobalSection
	GlobalSection(ProjectConfigurationPlatforms) = postSolution
		{D87DEF75-6D63-44F5-83C0-365478325A5A}.Debug|Any CPU.ActiveCfg = Debug|Any CPU
		{D87DEF75-6D63-44F5-83C0-365478325A5A}.Debug|Any CPU.Build.0 = Debug|Any CPU
		{D87DEF75-6D63-44F5-83C0-365478325A5A}.Release|Any CPU.ActiveCfg = Release|Any CPU
		{D87DEF75-6D63-44F5-83C0-365478325A5A}.Release|Any CPU.Build.0 = Release|Any CPU
	EndGlobalSection
	GlobalSection(SolutionProperties) = preSolution
		HideSolutionNode = FALSE
	EndGlobalSection
	GlobalSection(ExtensibilityGlobals) = postSolution
		SolutionGuid = {96FFBBA5-38DC-4D47-A668-288EB1253398}
	EndGlobalSection
EndGlobal
